
Microsoft Visual Studio Solution File, Format Version 12.00
# Visual Studio 15
VisualStudioVersion = 15.0.28010.2046
MinimumVisualStudioVersion = 10.0.40219.1
Project("{FAE04EC0-301F-11D3-BF4B-00C04F79EFBC}") = "Llands.Android", "Llands\Llands.Android\Llands.Android.csproj", "{BD8371CA-DB2B-4A69-A92C-3CC8A5AD1EB8}"
EndProject
Project("{FAE04EC0-301F-11D3-BF4B-00C04F79EFBC}") = "Llands.iOS", "Llands\Llands.iOS\Llands.iOS.csproj", "{AAAEDA9E-C77B-448D-B8BE-17D868807839}"
EndProject
Project("{FAE04EC0-301F-11D3-BF4B-00C04F79EFBC}") = "Llands.UWP", "Llands\Llands.UWP\Llands.UWP.csproj", "{46411861-54C3-40C7-A35A-49F1B5D9222B}"
EndProject
Project("{FAE04EC0-301F-11D3-BF4B-00C04F79EFBC}") = "Llands", "Llands\Llands\Llands.csproj", "{A831EA99-A6AE-4588-A33E-3411DFF9569E}"
EndProject
Global
	GlobalSection(SolutionConfigurationPlatforms) = preSolution
		Ad-Hoc|Any CPU = Ad-Hoc|Any CPU
		Ad-Hoc|ARM = Ad-Hoc|ARM
		Ad-Hoc|iPhone = Ad-Hoc|iPhone
		Ad-Hoc|iPhoneSimulator = Ad-Hoc|iPhoneSimulator
		Ad-Hoc|x64 = Ad-Hoc|x64
		Ad-Hoc|x86 = Ad-Hoc|x86
		AppStore|Any CPU = AppStore|Any CPU
		AppStore|ARM = AppStore|ARM
		AppStore|iPhone = AppStore|iPhone
		AppStore|iPhoneSimulator = AppStore|iPhoneSimulator
		AppStore|x64 = AppStore|x64
		AppStore|x86 = AppStore|x86
		Debug|Any CPU = Debug|Any CPU
		Debug|ARM = Debug|ARM
		Debug|iPhone = Debug|iPhone
		Debug|iPhoneSimulator = Debug|iPhoneSimulator
		Debug|x64 = Debug|x64
		Debug|x86 = Debug|x86
		Release|Any CPU = Release|Any CPU
		Release|ARM = Release|ARM
		Release|iPhone = Release|iPhone
		Release|iPhoneSimulator = Release|iPhoneSimulator
		Release|x64 = Release|x64
		Release|x86 = Release|x86
	EndGlobalSection
	GlobalSection(ProjectConfigurationPlatforms) = postSolution
		{BD8371CA-DB2B-4A69-A92C-3CC8A5AD1EB8}.Ad-Hoc|Any CPU.ActiveCfg = Release|Any CPU
		{BD8371CA-DB2B-4A69-A92C-3CC8A5AD1EB8}.Ad-Hoc|Any CPU.Build.0 = Release|Any CPU
		{BD8371CA-DB2B-4A69-A92C-3CC8A5AD1EB8}.Ad-Hoc|Any CPU.Deploy.0 = Release|Any CPU
		{BD8371CA-DB2B-4A69-A92C-3CC8A5AD1EB8}.Ad-Hoc|ARM.ActiveCfg = Release|Any CPU
		{BD8371CA-DB2B-4A69-A92C-3CC8A5AD1EB8}.Ad-Hoc|ARM.Build.0 = Release|Any CPU
		{BD8371CA-DB2B-4A69-A92C-3CC8A5AD1EB8}.Ad-Hoc|ARM.Deploy.0 = Release|Any CPU
		{BD8371CA-DB2B-4A69-A92C-3CC8A5AD1EB8}.Ad-Hoc|iPhone.ActiveCfg = Release|Any CPU
		{BD8371CA-DB2B-4A69-A92C-3CC8A5AD1EB8}.Ad-Hoc|iPhone.Build.0 = Release|Any CPU
		{BD8371CA-DB2B-4A69-A92C-3CC8A5AD1EB8}.Ad-Hoc|iPhone.Deploy.0 = Release|Any CPU
		{BD8371CA-DB2B-4A69-A92C-3CC8A5AD1EB8}.Ad-Hoc|iPhoneSimulator.ActiveCfg = Release|Any CPU
		{BD8371CA-DB2B-4A69-A92C-3CC8A5AD1EB8}.Ad-Hoc|iPhoneSimulator.Build.0 = Release|Any CPU
		{BD8371CA-DB2B-4A69-A92C-3CC8A5AD1EB8}.Ad-Hoc|iPhoneSimulator.Deploy.0 = Release|Any CPU
		{BD8371CA-DB2B-4A69-A92C-3CC8A5AD1EB8}.Ad-Hoc|x64.ActiveCfg = Release|Any CPU
		{BD8371CA-DB2B-4A69-A92C-3CC8A5AD1EB8}.Ad-Hoc|x64.Build.0 = Release|Any CPU
		{BD8371CA-DB2B-4A69-A92C-3CC8A5AD1EB8}.Ad-Hoc|x64.Deploy.0 = Release|Any CPU
		{BD8371CA-DB2B-4A69-A92C-3CC8A5AD1EB8}.Ad-Hoc|x86.ActiveCfg = Release|Any CPU
		{BD8371CA-DB2B-4A69-A92C-3CC8A5AD1EB8}.Ad-Hoc|x86.Build.0 = Release|Any CPU
		{BD8371CA-DB2B-4A69-A92C-3CC8A5AD1EB8}.Ad-Hoc|x86.Deploy.0 = Release|Any CPU
		{BD8371CA-DB2B-4A69-A92C-3CC8A5AD1EB8}.AppStore|Any CPU.ActiveCfg = Release|Any CPU
		{BD8371CA-DB2B-4A69-A92C-3CC8A5AD1EB8}.AppStore|Any CPU.Build.0 = Release|Any CPU
		{BD8371CA-DB2B-4A69-A92C-3CC8A5AD1EB8}.AppStore|Any CPU.Deploy.0 = Release|Any CPU
		{BD8371CA-DB2B-4A69-A92C-3CC8A5AD1EB8}.AppStore|ARM.ActiveCfg = Release|Any CPU
		{BD8371CA-DB2B-4A69-A92C-3CC8A5AD1EB8}.AppStore|ARM.Build.0 = Release|Any CPU
		{BD8371CA-DB2B-4A69-A92C-3CC8A5AD1EB8}.AppStore|ARM.Deploy.0 = Release|Any CPU
		{BD8371CA-DB2B-4A69-A92C-3CC8A5AD1EB8}.AppStore|iPhone.ActiveCfg = Release|Any CPU
		{BD8371CA-DB2B-4A69-A92C-3CC8A5AD1EB8}.AppStore|iPhone.Build.0 = Release|Any CPU
		{BD8371CA-DB2B-4A69-A92C-3CC8A5AD1EB8}.AppStore|iPhone.Deploy.0 = Release|Any CPU
		{BD8371CA-DB2B-4A69-A92C-3CC8A5AD1EB8}.AppStore|iPhoneSimulator.ActiveCfg = Release|Any CPU
		{BD8371CA-DB2B-4A69-A92C-3CC8A5AD1EB8}.AppStore|iPhoneSimulator.Build.0 = Release|Any CPU
		{BD8371CA-DB2B-4A69-A92C-3CC8A5AD1EB8}.AppStore|iPhoneSimulator.Deploy.0 = Release|Any CPU
		{BD8371CA-DB2B-4A69-A92C-3CC8A5AD1EB8}.AppStore|x64.ActiveCfg = Release|Any CPU
		{BD8371CA-DB2B-4A69-A92C-3CC8A5AD1EB8}.AppStore|x64.Build.0 = Release|Any CPU
		{BD8371CA-DB2B-4A69-A92C-3CC8A5AD1EB8}.AppStore|x64.Deploy.0 = Release|Any CPU
		{BD8371CA-DB2B-4A69-A92C-3CC8A5AD1EB8}.AppStore|x86.ActiveCfg = Release|Any CPU
		{BD8371CA-DB2B-4A69-A92C-3CC8A5AD1EB8}.AppStore|x86.Build.0 = Release|Any CPU
		{BD8371CA-DB2B-4A69-A92C-3CC8A5AD1EB8}.AppStore|x86.Deploy.0 = Release|Any CPU
		{BD8371CA-DB2B-4A69-A92C-3CC8A5AD1EB8}.Debug|Any CPU.ActiveCfg = Debug|Any CPU
		{BD8371CA-DB2B-4A69-A92C-3CC8A5AD1EB8}.Debug|Any CPU.Build.0 = Debug|Any CPU
		{BD8371CA-DB2B-4A69-A92C-3CC8A5AD1EB8}.Debug|Any CPU.Deploy.0 = Debug|Any CPU
		{BD8371CA-DB2B-4A69-A92C-3CC8A5AD1EB8}.Debug|ARM.ActiveCfg = Debug|Any CPU
		{BD8371CA-DB2B-4A69-A92C-3CC8A5AD1EB8}.Debug|ARM.Build.0 = Debug|Any CPU
		{BD8371CA-DB2B-4A69-A92C-3CC8A5AD1EB8}.Debug|ARM.Deploy.0 = Debug|Any CPU
		{BD8371CA-DB2B-4A69-A92C-3CC8A5AD1EB8}.Debug|iPhone.ActiveCfg = Debug|Any CPU
		{BD8371CA-DB2B-4A69-A92C-3CC8A5AD1EB8}.Debug|iPhone.Build.0 = Debug|Any CPU
		{BD8371CA-DB2B-4A69-A92C-3CC8A5AD1EB8}.Debug|iPhone.Deploy.0 = Debug|Any CPU
		{BD8371CA-DB2B-4A69-A92C-3CC8A5AD1EB8}.Debug|iPhoneSimulator.ActiveCfg = Debug|Any CPU
		{BD8371CA-DB2B-4A69-A92C-3CC8A5AD1EB8}.Debug|iPhoneSimulator.Build.0 = Debug|Any CPU
		{BD8371CA-DB2B-4A69-A92C-3CC8A5AD1EB8}.Debug|iPhoneSimulator.Deploy.0 = Debug|Any CPU
		{BD8371CA-DB2B-4A69-A92C-3CC8A5AD1EB8}.Debug|x64.ActiveCfg = Debug|Any CPU
		{BD8371CA-DB2B-4A69-A92C-3CC8A5AD1EB8}.Debug|x64.Build.0 = Debug|Any CPU
		{BD8371CA-DB2B-4A69-A92C-3CC8A5AD1EB8}.Debug|x64.Deploy.0 = Debug|Any CPU
		{BD8371CA-DB2B-4A69-A92C-3CC8A5AD1EB8}.Debug|x86.ActiveCfg = Debug|Any CPU
		{BD8371CA-DB2B-4A69-A92C-3CC8A5AD1EB8}.Debug|x86.Build.0 = Debug|Any CPU
		{BD8371CA-DB2B-4A69-A92C-3CC8A5AD1EB8}.Debug|x86.Deploy.0 = Debug|Any CPU
		{BD8371CA-DB2B-4A69-A92C-3CC8A5AD1EB8}.Release|Any CPU.ActiveCfg = Release|Any CPU
		{BD8371CA-DB2B-4A69-A92C-3CC8A5AD1EB8}.Release|Any CPU.Build.0 = Release|Any CPU
		{BD8371CA-DB2B-4A69-A92C-3CC8A5AD1EB8}.Release|Any CPU.Deploy.0 = Release|Any CPU
		{BD8371CA-DB2B-4A69-A92C-3CC8A5AD1EB8}.Release|ARM.ActiveCfg = Release|Any CPU
		{BD8371CA-DB2B-4A69-A92C-3CC8A5AD1EB8}.Release|ARM.Build.0 = Release|Any CPU
		{BD8371CA-DB2B-4A69-A92C-3CC8A5AD1EB8}.Release|ARM.Deploy.0 = Release|Any CPU
		{BD8371CA-DB2B-4A69-A92C-3CC8A5AD1EB8}.Release|iPhone.ActiveCfg = Release|Any CPU
		{BD8371CA-DB2B-4A69-A92C-3CC8A5AD1EB8}.Release|iPhone.Build.0 = Release|Any CPU
		{BD8371CA-DB2B-4A69-A92C-3CC8A5AD1EB8}.Release|iPhone.Deploy.0 = Release|Any CPU
		{BD8371CA-DB2B-4A69-A92C-3CC8A5AD1EB8}.Release|iPhoneSimulator.ActiveCfg = Release|Any CPU
		{BD8371CA-DB2B-4A69-A92C-3CC8A5AD1EB8}.Release|iPhoneSimulator.Build.0 = Release|Any CPU
		{BD8371CA-DB2B-4A69-A92C-3CC8A5AD1EB8}.Release|iPhoneSimulator.Deploy.0 = Release|Any CPU
		{BD8371CA-DB2B-4A69-A92C-3CC8A5AD1EB8}.Release|x64.ActiveCfg = Release|Any CPU
		{BD8371CA-DB2B-4A69-A92C-3CC8A5AD1EB8}.Release|x64.Build.0 = Release|Any CPU
		{BD8371CA-DB2B-4A69-A92C-3CC8A5AD1EB8}.Release|x64.Deploy.0 = Release|Any CPU
		{BD8371CA-DB2B-4A69-A92C-3CC8A5AD1EB8}.Release|x86.ActiveCfg = Release|Any CPU
		{BD8371CA-DB2B-4A69-A92C-3CC8A5AD1EB8}.Release|x86.Build.0 = Release|Any CPU
		{BD8371CA-DB2B-4A69-A92C-3CC8A5AD1EB8}.Release|x86.Deploy.0 = Release|Any CPU
		{AAAEDA9E-C77B-448D-B8BE-17D868807839}.Ad-Hoc|Any CPU.ActiveCfg = Ad-Hoc|iPhone
		{AAAEDA9E-C77B-448D-B8BE-17D868807839}.Ad-Hoc|Any CPU.Build.0 = Ad-Hoc|iPhone
		{AAAEDA9E-C77B-448D-B8BE-17D868807839}.Ad-Hoc|Any CPU.Deploy.0 = Ad-Hoc|iPhone
		{AAAEDA9E-C77B-448D-B8BE-17D868807839}.Ad-Hoc|ARM.ActiveCfg = Ad-Hoc|iPhone
		{AAAEDA9E-C77B-448D-B8BE-17D868807839}.Ad-Hoc|ARM.Build.0 = Ad-Hoc|iPhone
		{AAAEDA9E-C77B-448D-B8BE-17D868807839}.Ad-Hoc|ARM.Deploy.0 = Ad-Hoc|iPhone
		{AAAEDA9E-C77B-448D-B8BE-17D868807839}.Ad-Hoc|iPhone.ActiveCfg = Ad-Hoc|iPhone
		{AAAEDA9E-C77B-448D-B8BE-17D868807839}.Ad-Hoc|iPhone.Build.0 = Ad-Hoc|iPhone
		{AAAEDA9E-C77B-448D-B8BE-17D868807839}.Ad-Hoc|iPhone.Deploy.0 = Ad-Hoc|iPhone
		{AAAEDA9E-C77B-448D-B8BE-17D868807839}.Ad-Hoc|iPhoneSimulator.ActiveCfg = Ad-Hoc|iPhoneSimulator
		{AAAEDA9E-C77B-448D-B8BE-17D868807839}.Ad-Hoc|iPhoneSimulator.Build.0 = Ad-Hoc|iPhoneSimulator
		{AAAEDA9E-C77B-448D-B8BE-17D868807839}.Ad-Hoc|iPhoneSimulator.Deploy.0 = Ad-Hoc|iPhoneSimulator
		{AAAEDA9E-C77B-448D-B8BE-17D868807839}.Ad-Hoc|x64.ActiveCfg = Ad-Hoc|iPhone
		{AAAEDA9E-C77B-448D-B8BE-17D868807839}.Ad-Hoc|x64.Build.0 = Ad-Hoc|iPhone
		{AAAEDA9E-C77B-448D-B8BE-17D868807839}.Ad-Hoc|x64.Deploy.0 = Ad-Hoc|iPhone
		{AAAEDA9E-C77B-448D-B8BE-17D868807839}.Ad-Hoc|x86.ActiveCfg = Ad-Hoc|iPhone
		{AAAEDA9E-C77B-448D-B8BE-17D868807839}.Ad-Hoc|x86.Build.0 = Ad-Hoc|iPhone
		{AAAEDA9E-C77B-448D-B8BE-17D868807839}.Ad-Hoc|x86.Deploy.0 = Ad-Hoc|iPhone
		{AAAEDA9E-C77B-448D-B8BE-17D868807839}.AppStore|Any CPU.ActiveCfg = AppStore|iPhone
		{AAAEDA9E-C77B-448D-B8BE-17D868807839}.AppStore|Any CPU.Build.0 = AppStore|iPhone
		{AAAEDA9E-C77B-448D-B8BE-17D868807839}.AppStore|Any CPU.Deploy.0 = AppStore|iPhone
		{AAAEDA9E-C77B-448D-B8BE-17D868807839}.AppStore|ARM.ActiveCfg = AppStore|iPhone
		{AAAEDA9E-C77B-448D-B8BE-17D868807839}.AppStore|ARM.Build.0 = AppStore|iPhone
		{AAAEDA9E-C77B-448D-B8BE-17D868807839}.AppStore|ARM.Deploy.0 = AppStore|iPhone
		{AAAEDA9E-C77B-448D-B8BE-17D868807839}.AppStore|iPhone.ActiveCfg = AppStore|iPhone
		{AAAEDA9E-C77B-448D-B8BE-17D868807839}.AppStore|iPhone.Build.0 = AppStore|iPhone
		{AAAEDA9E-C77B-448D-B8BE-17D868807839}.AppStore|iPhone.Deploy.0 = AppStore|iPhone
		{AAAEDA9E-C77B-448D-B8BE-17D868807839}.AppStore|iPhoneSimulator.ActiveCfg = AppStore|iPhoneSimulator
		{AAAEDA9E-C77B-448D-B8BE-17D868807839}.AppStore|iPhoneSimulator.Build.0 = AppStore|iPhoneSimulator
		{AAAEDA9E-C77B-448D-B8BE-17D868807839}.AppStore|iPhoneSimulator.Deploy.0 = AppStore|iPhoneSimulator
		{AAAEDA9E-C77B-448D-B8BE-17D868807839}.AppStore|x64.ActiveCfg = AppStore|iPhone
		{AAAEDA9E-C77B-448D-B8BE-17D868807839}.AppStore|x64.Build.0 = AppStore|iPhone
		{AAAEDA9E-C77B-448D-B8BE-17D868807839}.AppStore|x64.Deploy.0 = AppStore|iPhone
		{AAAEDA9E-C77B-448D-B8BE-17D868807839}.AppStore|x86.ActiveCfg = AppStore|iPhone
		{AAAEDA9E-C77B-448D-B8BE-17D868807839}.AppStore|x86.Build.0 = AppStore|iPhone
		{AAAEDA9E-C77B-448D-B8BE-17D868807839}.AppStore|x86.Deploy.0 = AppStore|iPhone
		{AAAEDA9E-C77B-448D-B8BE-17D868807839}.Debug|Any CPU.ActiveCfg = Debug|iPhoneSimulator
		{AAAEDA9E-C77B-448D-B8BE-17D868807839}.Debug|Any CPU.Build.0 = Debug|iPhoneSimulator
		{AAAEDA9E-C77B-448D-B8BE-17D868807839}.Debug|Any CPU.Deploy.0 = Debug|iPhoneSimulator
		{AAAEDA9E-C77B-448D-B8BE-17D868807839}.Debug|ARM.ActiveCfg = Debug|iPhone
		{AAAEDA9E-C77B-448D-B8BE-17D868807839}.Debug|ARM.Build.0 = Debug|iPhone
		{AAAEDA9E-C77B-448D-B8BE-17D868807839}.Debug|ARM.Deploy.0 = Debug|iPhone
		{AAAEDA9E-C77B-448D-B8BE-17D868807839}.Debug|iPhone.ActiveCfg = Debug|iPhone
		{AAAEDA9E-C77B-448D-B8BE-17D868807839}.Debug|iPhone.Build.0 = Debug|iPhone
		{AAAEDA9E-C77B-448D-B8BE-17D868807839}.Debug|iPhone.Deploy.0 = Debug|iPhone
		{AAAEDA9E-C77B-448D-B8BE-17D868807839}.Debug|iPhoneSimulator.ActiveCfg = Debug|iPhoneSimulator
		{AAAEDA9E-C77B-448D-B8BE-17D868807839}.Debug|iPhoneSimulator.Build.0 = Debug|iPhoneSimulator
		{AAAEDA9E-C77B-448D-B8BE-17D868807839}.Debug|iPhoneSimulator.Deploy.0 = Debug|iPhoneSimulator
		{AAAEDA9E-C77B-448D-B8BE-17D868807839}.Debug|x64.ActiveCfg = Debug|iPhone
		{AAAEDA9E-C77B-448D-B8BE-17D868807839}.Debug|x64.Build.0 = Debug|iPhone
		{AAAEDA9E-C77B-448D-B8BE-17D868807839}.Debug|x64.Deploy.0 = Debug|iPhone
		{AAAEDA9E-C77B-448D-B8BE-17D868807839}.Debug|x86.ActiveCfg = Debug|iPhone
		{AAAEDA9E-C77B-448D-B8BE-17D868807839}.Debug|x86.Build.0 = Debug|iPhone
		{AAAEDA9E-C77B-448D-B8BE-17D868807839}.Debug|x86.Deploy.0 = Debug|iPhone
		{AAAEDA9E-C77B-448D-B8BE-17D868807839}.Release|Any CPU.ActiveCfg = Release|iPhone
		{AAAEDA9E-C77B-448D-B8BE-17D868807839}.Release|Any CPU.Build.0 = Release|iPhone
		{AAAEDA9E-C77B-448D-B8BE-17D868807839}.Release|Any CPU.Deploy.0 = Release|iPhone
		{AAAEDA9E-C77B-448D-B8BE-17D868807839}.Release|ARM.ActiveCfg = Release|iPhone
		{AAAEDA9E-C77B-448D-B8BE-17D868807839}.Release|ARM.Build.0 = Release|iPhone
		{AAAEDA9E-C77B-448D-B8BE-17D868807839}.Release|ARM.Deploy.0 = Release|iPhone
		{AAAEDA9E-C77B-448D-B8BE-17D868807839}.Release|iPhone.ActiveCfg = Release|iPhone
		{AAAEDA9E-C77B-448D-B8BE-17D868807839}.Release|iPhone.Build.0 = Release|iPhone
		{AAAEDA9E-C77B-448D-B8BE-17D868807839}.Release|iPhone.Deploy.0 = Release|iPhone
		{AAAEDA9E-C77B-448D-B8BE-17D868807839}.Release|iPhoneSimulator.ActiveCfg = Release|iPhoneSimulator
		{AAAEDA9E-C77B-448D-B8BE-17D868807839}.Release|iPhoneSimulator.Build.0 = Release|iPhoneSimulator
		{AAAEDA9E-C77B-448D-B8BE-17D868807839}.Release|iPhoneSimulator.Deploy.0 = Release|iPhoneSimulator
		{AAAEDA9E-C77B-448D-B8BE-17D868807839}.Release|x64.ActiveCfg = Release|iPhone
		{AAAEDA9E-C77B-448D-B8BE-17D868807839}.Release|x64.Build.0 = Release|iPhone
		{AAAEDA9E-C77B-448D-B8BE-17D868807839}.Release|x64.Deploy.0 = Release|iPhone
		{AAAEDA9E-C77B-448D-B8BE-17D868807839}.Release|x86.ActiveCfg = Release|iPhone
		{AAAEDA9E-C77B-448D-B8BE-17D868807839}.Release|x86.Build.0 = Release|iPhone
		{AAAEDA9E-C77B-448D-B8BE-17D868807839}.Release|x86.Deploy.0 = Release|iPhone
		{46411861-54C3-40C7-A35A-49F1B5D9222B}.Ad-Hoc|Any CPU.ActiveCfg = Release|x86
		{46411861-54C3-40C7-A35A-49F1B5D9222B}.Ad-Hoc|Any CPU.Build.0 = Release|x86
		{46411861-54C3-40C7-A35A-49F1B5D9222B}.Ad-Hoc|Any CPU.Deploy.0 = Release|x86
		{46411861-54C3-40C7-A35A-49F1B5D9222B}.Ad-Hoc|ARM.ActiveCfg = Release|ARM
		{46411861-54C3-40C7-A35A-49F1B5D9222B}.Ad-Hoc|ARM.Build.0 = Release|ARM
		{46411861-54C3-40C7-A35A-49F1B5D9222B}.Ad-Hoc|ARM.Deploy.0 = Release|ARM
		{46411861-54C3-40C7-A35A-49F1B5D9222B}.Ad-Hoc|iPhone.ActiveCfg = Release|x86
		{46411861-54C3-40C7-A35A-49F1B5D9222B}.Ad-Hoc|iPhone.Build.0 = Release|x86
		{46411861-54C3-40C7-A35A-49F1B5D9222B}.Ad-Hoc|iPhone.Deploy.0 = Release|x86
		{46411861-54C3-40C7-A35A-49F1B5D9222B}.Ad-Hoc|iPhoneSimulator.ActiveCfg = Release|x86
		{46411861-54C3-40C7-A35A-49F1B5D9222B}.Ad-Hoc|iPhoneSimulator.Build.0 = Release|x86
		{46411861-54C3-40C7-A35A-49F1B5D9222B}.Ad-Hoc|iPhoneSimulator.Deploy.0 = Release|x86
		{46411861-54C3-40C7-A35A-49F1B5D9222B}.Ad-Hoc|x64.ActiveCfg = Release|x64
		{46411861-54C3-40C7-A35A-49F1B5D9222B}.Ad-Hoc|x64.Build.0 = Release|x64
		{46411861-54C3-40C7-A35A-49F1B5D9222B}.Ad-Hoc|x64.Deploy.0 = Release|x64
		{46411861-54C3-40C7-A35A-49F1B5D9222B}.Ad-Hoc|x86.ActiveCfg = Release|x86
		{46411861-54C3-40C7-A35A-49F1B5D9222B}.Ad-Hoc|x86.Build.0 = Release|x86
		{46411861-54C3-40C7-A35A-49F1B5D9222B}.Ad-Hoc|x86.Deploy.0 = Release|x86
		{46411861-54C3-40C7-A35A-49F1B5D9222B}.AppStore|Any CPU.ActiveCfg = Release|x86
		{46411861-54C3-40C7-A35A-49F1B5D9222B}.AppStore|Any CPU.Build.0 = Release|x86
		{46411861-54C3-40C7-A35A-49F1B5D9222B}.AppStore|Any CPU.Deploy.0 = Release|x86
		{46411861-54C3-40C7-A35A-49F1B5D9222B}.AppStore|ARM.ActiveCfg = Release|ARM
		{46411861-54C3-40C7-A35A-49F1B5D9222B}.AppStore|ARM.Build.0 = Release|ARM
		{46411861-54C3-40C7-A35A-49F1B5D9222B}.AppStore|ARM.Deploy.0 = Release|ARM
		{46411861-54C3-40C7-A35A-49F1B5D9222B}.AppStore|iPhone.ActiveCfg = Release|x86
		{46411861-54C3-40C7-A35A-49F1B5D9222B}.AppStore|iPhone.Build.0 = Release|x86
		{46411861-54C3-40C7-A35A-49F1B5D9222B}.AppStore|iPhone.Deploy.0 = Release|x86
		{46411861-54C3-40C7-A35A-49F1B5D9222B}.AppStore|iPhoneSimulator.ActiveCfg = Release|x86
		{46411861-54C3-40C7-A35A-49F1B5D9222B}.AppStore|iPhoneSimulator.Build.0 = Release|x86
		{46411861-54C3-40C7-A35A-49F1B5D9222B}.AppStore|iPhoneSimulator.Deploy.0 = Release|x86
		{46411861-54C3-40C7-A35A-49F1B5D9222B}.AppStore|x64.ActiveCfg = Release|x64
		{46411861-54C3-40C7-A35A-49F1B5D9222B}.AppStore|x64.Build.0 = Release|x64
		{46411861-54C3-40C7-A35A-49F1B5D9222B}.AppStore|x64.Deploy.0 = Release|x64
		{46411861-54C3-40C7-A35A-49F1B5D9222B}.AppStore|x86.ActiveCfg = Release|x86
		{46411861-54C3-40C7-A35A-49F1B5D9222B}.AppStore|x86.Build.0 = Release|x86
		{46411861-54C3-40C7-A35A-49F1B5D9222B}.AppStore|x86.Deploy.0 = Release|x86
		{46411861-54C3-40C7-A35A-49F1B5D9222B}.Debug|Any CPU.ActiveCfg = Debug|x86
		{46411861-54C3-40C7-A35A-49F1B5D9222B}.Debug|Any CPU.Build.0 = Debug|x86
		{46411861-54C3-40C7-A35A-49F1B5D9222B}.Debug|Any CPU.Deploy.0 = Debug|x86
		{46411861-54C3-40C7-A35A-49F1B5D9222B}.Debug|ARM.ActiveCfg = Debug|ARM
		{46411861-54C3-40C7-A35A-49F1B5D9222B}.Debug|ARM.Build.0 = Debug|ARM
		{46411861-54C3-40C7-A35A-49F1B5D9222B}.Debug|ARM.Deploy.0 = Debug|ARM
		{46411861-54C3-40C7-A35A-49F1B5D9222B}.Debug|iPhone.ActiveCfg = Debug|x86
		{46411861-54C3-40C7-A35A-49F1B5D9222B}.Debug|iPhone.Build.0 = Debug|x86
		{46411861-54C3-40C7-A35A-49F1B5D9222B}.Debug|iPhone.Deploy.0 = Debug|x86
		{46411861-54C3-40C7-A35A-49F1B5D9222B}.Debug|iPhoneSimulator.ActiveCfg = Debug|x86
		{46411861-54C3-40C7-A35A-49F1B5D9222B}.Debug|iPhoneSimulator.Build.0 = Debug|x86
		{46411861-54C3-40C7-A35A-49F1B5D9222B}.Debug|iPhoneSimulator.Deploy.0 = Debug|x86
		{46411861-54C3-40C7-A35A-49F1B5D9222B}.Debug|x64.ActiveCfg = Debug|x64
		{46411861-54C3-40C7-A35A-49F1B5D9222B}.Debug|x64.Build.0 = Debug|x64
		{46411861-54C3-40C7-A35A-49F1B5D9222B}.Debug|x64.Deploy.0 = Debug|x64
		{46411861-54C3-40C7-A35A-49F1B5D9222B}.Debug|x86.ActiveCfg = Debug|x86
		{46411861-54C3-40C7-A35A-49F1B5D9222B}.Debug|x86.Build.0 = Debug|x86
		{46411861-54C3-40C7-A35A-49F1B5D9222B}.Debug|x86.Deploy.0 = Debug|x86
		{46411861-54C3-40C7-A35A-49F1B5D9222B}.Release|Any CPU.ActiveCfg = Release|x86
		{46411861-54C3-40C7-A35A-49F1B5D9222B}.Release|Any CPU.Build.0 = Release|x86
		{46411861-54C3-40C7-A35A-49F1B5D9222B}.Release|Any CPU.Deploy.0 = Release|x86
		{46411861-54C3-40C7-A35A-49F1B5D9222B}.Release|ARM.ActiveCfg = Release|ARM
		{46411861-54C3-40C7-A35A-49F1B5D9222B}.Release|ARM.Build.0 = Release|ARM
		{46411861-54C3-40C7-A35A-49F1B5D9222B}.Release|ARM.Deploy.0 = Release|ARM
		{46411861-54C3-40C7-A35A-49F1B5D9222B}.Release|iPhone.ActiveCfg = Release|x86
		{46411861-54C3-40C7-A35A-49F1B5D9222B}.Release|iPhone.Build.0 = Release|x86
		{46411861-54C3-40C7-A35A-49F1B5D9222B}.Release|iPhone.Deploy.0 = Release|x86
		{46411861-54C3-40C7-A35A-49F1B5D9222B}.Release|iPhoneSimulator.ActiveCfg = Release|x86
		{46411861-54C3-40C7-A35A-49F1B5D9222B}.Release|iPhoneSimulator.Build.0 = Release|x86
		{46411861-54C3-40C7-A35A-49F1B5D9222B}.Release|iPhoneSimulator.Deploy.0 = Release|x86
		{46411861-54C3-40C7-A35A-49F1B5D9222B}.Release|x64.ActiveCfg = Release|x64
		{46411861-54C3-40C7-A35A-49F1B5D9222B}.Release|x64.Build.0 = Release|x64
		{46411861-54C3-40C7-A35A-49F1B5D9222B}.Release|x64.Deploy.0 = Release|x64
		{46411861-54C3-40C7-A35A-49F1B5D9222B}.Release|x86.ActiveCfg = Release|x86
		{46411861-54C3-40C7-A35A-49F1B5D9222B}.Release|x86.Build.0 = Release|x86
		{46411861-54C3-40C7-A35A-49F1B5D9222B}.Release|x86.Deploy.0 = Release|x86
		{A831EA99-A6AE-4588-A33E-3411DFF9569E}.Ad-Hoc|Any CPU.ActiveCfg = Debug|Any CPU
		{A831EA99-A6AE-4588-A33E-3411DFF9569E}.Ad-Hoc|Any CPU.Build.0 = Debug|Any CPU
		{A831EA99-A6AE-4588-A33E-3411DFF9569E}.Ad-Hoc|Any CPU.Deploy.0 = Debug|Any CPU
		{A831EA99-A6AE-4588-A33E-3411DFF9569E}.Ad-Hoc|ARM.ActiveCfg = Debug|Any CPU
		{A831EA99-A6AE-4588-A33E-3411DFF9569E}.Ad-Hoc|ARM.Build.0 = Debug|Any CPU
		{A831EA99-A6AE-4588-A33E-3411DFF9569E}.Ad-Hoc|ARM.Deploy.0 = Debug|Any CPU
		{A831EA99-A6AE-4588-A33E-3411DFF9569E}.Ad-Hoc|iPhone.ActiveCfg = Debug|Any CPU
		{A831EA99-A6AE-4588-A33E-3411DFF9569E}.Ad-Hoc|iPhone.Build.0 = Debug|Any CPU
		{A831EA99-A6AE-4588-A33E-3411DFF9569E}.Ad-Hoc|iPhone.Deploy.0 = Debug|Any CPU
		{A831EA99-A6AE-4588-A33E-3411DFF9569E}.Ad-Hoc|iPhoneSimulator.ActiveCfg = Debug|Any CPU
		{A831EA99-A6AE-4588-A33E-3411DFF9569E}.Ad-Hoc|iPhoneSimulator.Build.0 = Debug|Any CPU
		{A831EA99-A6AE-4588-A33E-3411DFF9569E}.Ad-Hoc|iPhoneSimulator.Deploy.0 = Debug|Any CPU
		{A831EA99-A6AE-4588-A33E-3411DFF9569E}.Ad-Hoc|x64.ActiveCfg = Debug|Any CPU
		{A831EA99-A6AE-4588-A33E-3411DFF9569E}.Ad-Hoc|x64.Build.0 = Debug|Any CPU
		{A831EA99-A6AE-4588-A33E-3411DFF9569E}.Ad-Hoc|x64.Deploy.0 = Debug|Any CPU
		{A831EA99-A6AE-4588-A33E-3411DFF9569E}.Ad-Hoc|x86.ActiveCfg = Debug|Any CPU
		{A831EA99-A6AE-4588-A33E-3411DFF9569E}.Ad-Hoc|x86.Build.0 = Debug|Any CPU
		{A831EA99-A6AE-4588-A33E-3411DFF9569E}.Ad-Hoc|x86.Deploy.0 = Debug|Any CPU
		{A831EA99-A6AE-4588-A33E-3411DFF9569E}.AppStore|Any CPU.ActiveCfg = Debug|Any CPU
		{A831EA99-A6AE-4588-A33E-3411DFF9569E}.AppStore|Any CPU.Build.0 = Debug|Any CPU
		{A831EA99-A6AE-4588-A33E-3411DFF9569E}.AppStore|Any CPU.Deploy.0 = Debug|Any CPU
		{A831EA99-A6AE-4588-A33E-3411DFF9569E}.AppStore|ARM.ActiveCfg = Debug|Any CPU
		{A831EA99-A6AE-4588-A33E-3411DFF9569E}.AppStore|ARM.Build.0 = Debug|Any CPU
		{A831EA99-A6AE-4588-A33E-3411DFF9569E}.AppStore|ARM.Deploy.0 = Debug|Any CPU
		{A831EA99-A6AE-4588-A33E-3411DFF9569E}.AppStore|iPhone.ActiveCfg = Debug|Any CPU
		{A831EA99-A6AE-4588-A33E-3411DFF9569E}.AppStore|iPhone.Build.0 = Debug|Any CPU
		{A831EA99-A6AE-4588-A33E-3411DFF9569E}.AppStore|iPhone.Deploy.0 = Debug|Any CPU
		{A831EA99-A6AE-4588-A33E-3411DFF9569E}.AppStore|iPhoneSimulator.ActiveCfg = Debug|Any CPU
		{A831EA99-A6AE-4588-A33E-3411DFF9569E}.AppStore|iPhoneSimulator.Build.0 = Debug|Any CPU
		{A831EA99-A6AE-4588-A33E-3411DFF9569E}.AppStore|iPhoneSimulator.Deploy.0 = Debug|Any CPU
		{A831EA99-A6AE-4588-A33E-3411DFF9569E}.AppStore|x64.ActiveCfg = Debug|Any CPU
		{A831EA99-A6AE-4588-A33E-3411DFF9569E}.AppStore|x64.Build.0 = Debug|Any CPU
		{A831EA99-A6AE-4588-A33E-3411DFF9569E}.AppStore|x64.Deploy.0 = Debug|Any CPU
		{A831EA99-A6AE-4588-A33E-3411DFF9569E}.AppStore|x86.ActiveCfg = Debug|Any CPU
		{A831EA99-A6AE-4588-A33E-3411DFF9569E}.AppStore|x86.Build.0 = Debug|Any CPU
		{A831EA99-A6AE-4588-A33E-3411DFF9569E}.AppStore|x86.Deploy.0 = Debug|Any CPU
		{A831EA99-A6AE-4588-A33E-3411DFF9569E}.Debug|Any CPU.ActiveCfg = Debug|Any CPU
		{A831EA99-A6AE-4588-A33E-3411DFF9569E}.Debug|Any CPU.Build.0 = Debug|Any CPU
		{A831EA99-A6AE-4588-A33E-3411DFF9569E}.Debug|Any CPU.Deploy.0 = Debug|Any CPU
		{A831EA99-A6AE-4588-A33E-3411DFF9569E}.Debug|ARM.ActiveCfg = Debug|Any CPU
		{A831EA99-A6AE-4588-A33E-3411DFF9569E}.Debug|ARM.Build.0 = Debug|Any CPU
		{A831EA99-A6AE-4588-A33E-3411DFF9569E}.Debug|ARM.Deploy.0 = Debug|Any CPU
		{A831EA99-A6AE-4588-A33E-3411DFF9569E}.Debug|iPhone.ActiveCfg = Debug|Any CPU
		{A831EA99-A6AE-4588-A33E-3411DFF9569E}.Debug|iPhone.Build.0 = Debug|Any CPU
		{A831EA99-A6AE-4588-A33E-3411DFF9569E}.Debug|iPhone.Deploy.0 = Debug|Any CPU
		{A831EA99-A6AE-4588-A33E-3411DFF9569E}.Debug|iPhoneSimulator.ActiveCfg = Debug|Any CPU
		{A831EA99-A6AE-4588-A33E-3411DFF9569E}.Debug|iPhoneSimulator.Build.0 = Debug|Any CPU
		{A831EA99-A6AE-4588-A33E-3411DFF9569E}.Debug|iPhoneSimulator.Deploy.0 = Debug|Any CPU
		{A831EA99-A6AE-4588-A33E-3411DFF9569E}.Debug|x64.ActiveCfg = Debug|Any CPU
		{A831EA99-A6AE-4588-A33E-3411DFF9569E}.Debug|x64.Build.0 = Debug|Any CPU
		{A831EA99-A6AE-4588-A33E-3411DFF9569E}.Debug|x64.Deploy.0 = Debug|Any CPU
		{A831EA99-A6AE-4588-A33E-3411DFF9569E}.Debug|x86.ActiveCfg = Debug|Any CPU
		{A831EA99-A6AE-4588-A33E-3411DFF9569E}.Debug|x86.Build.0 = Debug|Any CPU
		{A831EA99-A6AE-4588-A33E-3411DFF9569E}.Debug|x86.Deploy.0 = Debug|Any CPU
		{A831EA99-A6AE-4588-A33E-3411DFF9569E}.Release|Any CPU.ActiveCfg = Release|Any CPU
		{A831EA99-A6AE-4588-A33E-3411DFF9569E}.Release|Any CPU.Build.0 = Release|Any CPU
		{A831EA99-A6AE-4588-A33E-3411DFF9569E}.Release|Any CPU.Deploy.0 = Release|Any CPU
		{A831EA99-A6AE-4588-A33E-3411DFF9569E}.Release|ARM.ActiveCfg = Release|Any CPU
		{A831EA99-A6AE-4588-A33E-3411DFF9569E}.Release|ARM.Build.0 = Release|Any CPU
		{A831EA99-A6AE-4588-A33E-3411DFF9569E}.Release|ARM.Deploy.0 = Release|Any CPU
		{A831EA99-A6AE-4588-A33E-3411DFF9569E}.Release|iPhone.ActiveCfg = Release|Any CPU
		{A831EA99-A6AE-4588-A33E-3411DFF9569E}.Release|iPhone.Build.0 = Release|Any CPU
		{A831EA99-A6AE-4588-A33E-3411DFF9569E}.Release|iPhone.Deploy.0 = Release|Any CPU
		{A831EA99-A6AE-4588-A33E-3411DFF9569E}.Release|iPhoneSimulator.ActiveCfg = Release|Any CPU
		{A831EA99-A6AE-4588-A33E-3411DFF9569E}.Release|iPhoneSimulator.Build.0 = Release|Any CPU
		{A831EA99-A6AE-4588-A33E-3411DFF9569E}.Release|iPhoneSimulator.Deploy.0 = Release|Any CPU
		{A831EA99-A6AE-4588-A33E-3411DFF9569E}.Release|x64.ActiveCfg = Release|Any CPU
		{A831EA99-A6AE-4588-A33E-3411DFF9569E}.Release|x64.Build.0 = Release|Any CPU
		{A831EA99-A6AE-4588-A33E-3411DFF9569E}.Release|x64.Deploy.0 = Release|Any CPU
		{A831EA99-A6AE-4588-A33E-3411DFF9569E}.Release|x86.ActiveCfg = Release|Any CPU
		{A831EA99-A6AE-4588-A33E-3411DFF9569E}.Release|x86.Build.0 = Release|Any CPU
		{A831EA99-A6AE-4588-A33E-3411DFF9569E}.Release|x86.Deploy.0 = Release|Any CPU
	EndGlobalSection
	GlobalSection(SolutionProperties) = preSolution
		HideSolutionNode = FALSE
	EndGlobalSection
	GlobalSection(ExtensibilityGlobals) = postSolution
		SolutionGuid = {E0A4B443-6E87-41A0-BA67-F0C3C0880D2F}
	EndGlobalSection
EndGlobal
